
Microsoft Visual Studio Solution File, Format Version 12.00
# Visual Studio 15
VisualStudioVersion = 15.0.27703.2042
MinimumVisualStudioVersion = 10.0.40219.1
Project("{FAE04EC0-301F-11D3-BF4B-00C04F79EFBC}") = "AddFriend(redBubble)", "AddFriend(redBubble)\AddFriend(redBubble).csproj", "{8DEF937B-17B1-42D9-B755-64AD198F39DF}"
EndProject
Global
	GlobalSection(SolutionConfigurationPlatforms) = preSolution
		Debug|Any CPU = Debug|Any CPU
		Release|Any CPU = Release|Any CPU
	EndGlobalSection
	GlobalSection(ProjectConfigurationPlatforms) = postSolution
		{8DEF937B-17B1-42D9-B755-64AD198F39DF}.Debug|Any CPU.ActiveCfg = Debug|Any CPU
		{8DEF937B-17B1-42D9-B755-64AD198F39DF}.Debug|Any CPU.Build.0 = Debug|Any CPU
		{8DEF937B-17B1-42D9-B755-64AD198F39DF}.Release|Any CPU.ActiveCfg = Release|Any CPU
		{8DEF937B-17B1-42D9-B755-64AD198F39DF}.Release|Any CPU.Build.0 = Release|Any CPU
	EndGlobalSection
	GlobalSection(SolutionProperties) = preSolution
		HideSolutionNode = FALSE
	EndGlobalSection
	GlobalSection(ExtensibilityGlobals) = postSolution
		SolutionGuid = {45C099D1-8789-409C-B3DE-9DDDE909B935}
	EndGlobalSection
EndGlobal
